
Microsoft Visual Studio Solution File, Format Version 12.00
# Visual Studio Version 17
VisualStudioVersion = 17.0.31919.166
MinimumVisualStudioVersion = 10.0.40219.1
Project("{9A19103F-16F7-4668-BE54-9A1E7A4F7556}") = "Website", "Website\Website.csproj", "{E1BF4F42-6CD6-4352-947D-58CE7730EB67}"
EndProject
Project("{9A19103F-16F7-4668-BE54-9A1E7A4F7556}") = "Addon", "Addon\Addon.csproj", "{33F4EA0E-F7E0-49A7-AEE0-FDBD461EEBCF}"
EndProject
Project("{2150E333-8FDC-42A3-9474-1A3956D46DE8}") = "Solution Items", "Solution Items", "{81ABB65C-D8EA-4562-B232-2DA1A26E39B3}"
	ProjectSection(SolutionItems) = preProject
		.gitignore = .gitignore
		create-db.bat = create-db.bat
		LICENSE = LICENSE
		README.md = README.md
	EndProjectSection
EndProject
Global
	GlobalSection(SolutionConfigurationPlatforms) = preSolution
		Debug|Any CPU = Debug|Any CPU
		Release|Any CPU = Release|Any CPU
	EndGlobalSection
	GlobalSection(ProjectConfigurationPlatforms) = postSolution
		{E1BF4F42-6CD6-4352-947D-58CE7730EB67}.Debug|Any CPU.ActiveCfg = Debug|Any CPU
		{E1BF4F42-6CD6-4352-947D-58CE7730EB67}.Debug|Any CPU.Build.0 = Debug|Any CPU
		{E1BF4F42-6CD6-4352-947D-58CE7730EB67}.Release|Any CPU.ActiveCfg = Release|Any CPU
		{E1BF4F42-6CD6-4352-947D-58CE7730EB67}.Release|Any CPU.Build.0 = Release|Any CPU
		{33F4EA0E-F7E0-49A7-AEE0-FDBD461EEBCF}.Debug|Any CPU.ActiveCfg = Debug|Any CPU
		{33F4EA0E-F7E0-49A7-AEE0-FDBD461EEBCF}.Debug|Any CPU.Build.0 = Debug|Any CPU
		{33F4EA0E-F7E0-49A7-AEE0-FDBD461EEBCF}.Release|Any CPU.ActiveCfg = Release|Any CPU
		{33F4EA0E-F7E0-49A7-AEE0-FDBD461EEBCF}.Release|Any CPU.Build.0 = Release|Any CPU
	EndGlobalSection
	GlobalSection(SolutionProperties) = preSolution
		HideSolutionNode = FALSE
	EndGlobalSection
	GlobalSection(ExtensibilityGlobals) = postSolution
		SolutionGuid = {34BA3D4E-BAD2-4689-B0EF-F29BAD17B3D4}
	EndGlobalSection
EndGlobal
